
Microsoft Visual Studio Solution File, Format Version 12.00
# Visual Studio Version 17
VisualStudioVersion = 17.6.33829.357
MinimumVisualStudioVersion = 10.0.40219.1
Project("{FAE04EC0-301F-11D3-BF4B-00C04F79EFBC}") = "Gestao_API", "Gestao_API\Gestao_API.csproj", "{258C109F-AA0D-464E-9621-03F9BCC7287A}"
EndProject
Global
	GlobalSection(SolutionConfigurationPlatforms) = preSolution
		Debug|Any CPU = Debug|Any CPU
		Release|Any CPU = Release|Any CPU
	EndGlobalSection
	GlobalSection(ProjectConfigurationPlatforms) = postSolution
		{258C109F-AA0D-464E-9621-03F9BCC7287A}.Debug|Any CPU.ActiveCfg = Debug|Any CPU
		{258C109F-AA0D-464E-9621-03F9BCC7287A}.Debug|Any CPU.Build.0 = Debug|Any CPU
		{258C109F-AA0D-464E-9621-03F9BCC7287A}.Release|Any CPU.ActiveCfg = Release|Any CPU
		{258C109F-AA0D-464E-9621-03F9BCC7287A}.Release|Any CPU.Build.0 = Release|Any CPU
	EndGlobalSection
	GlobalSection(SolutionProperties) = preSolution
		HideSolutionNode = FALSE
	EndGlobalSection
	GlobalSection(ExtensibilityGlobals) = postSolution
		SolutionGuid = {88A720AC-4893-44B5-A0B6-3DF912B3B945}
	EndGlobalSection
EndGlobal
